// !$*UTF8*$!
{
	archiveVersion = 1;
	classes = {
	};
	objectVersion = 46;
	objects = {

/* Begin PBXBuildFile section */
		5B2D13B41C9619F2001B5291 /* BehaviorViewController.m in Sources */ = {isa = PBXBuildFile; fileRef = 5B2D13B01C9619F2001B5291 /* BehaviorViewController.m */; };
		5B2D13B51C9619F2001B5291 /* ConditionsViewController.m in Sources */ = {isa = PBXBuildFile; fileRef = 5B2D13B11C9619F2001B5291 /* ConditionsViewController.m */; };
		5B2D14211C961A18001B5291 /* MessageLengths.c in Sources */ = {isa = PBXBuildFile; fileRef = 5B2D13B81C961A18001B5291 /* MessageLengths.c */; };
		5B2D14221C961A18001B5291 /* pubsubparser.c in Sources */ = {isa = PBXBuildFile; fileRef = 5B2D13B91C961A18001B5291 /* pubsubparser.c */; };
		5B2D14231C961A18001B5291 /* Waypoints.c in Sources */ = {isa = PBXBuildFile; fileRef = 5B2D13BA1C961A18001B5291 /* Waypoints.c */; };
		5B2D14541C961A18001B5291 /* mxml-attr.c in Sources */ = {isa = PBXBuildFile; fileRef = 5B2D13F91C961A18001B5291 /* mxml-attr.c */; };
		5B2D14551C961A18001B5291 /* mxml-entity.c in Sources */ = {isa = PBXBuildFile; fileRef = 5B2D13FA1C961A18001B5291 /* mxml-entity.c */; };
		5B2D14561C961A18001B5291 /* mxml-file.c in Sources */ = {isa = PBXBuildFile; fileRef = 5B2D13FB1C961A18001B5291 /* mxml-file.c */; };
		5B2D14571C961A18001B5291 /* mxml-get.c in Sources */ = {isa = PBXBuildFile; fileRef = 5B2D13FC1C961A18001B5291 /* mxml-get.c */; };
		5B2D14581C961A18001B5291 /* mxml-index.c in Sources */ = {isa = PBXBuildFile; fileRef = 5B2D13FD1C961A18001B5291 /* mxml-index.c */; };
		5B2D14591C961A18001B5291 /* mxml-node.c in Sources */ = {isa = PBXBuildFile; fileRef = 5B2D13FE1C961A18001B5291 /* mxml-node.c */; };
		5B2D145A1C961A18001B5291 /* mxml-private.c in Sources */ = {isa = PBXBuildFile; fileRef = 5B2D13FF1C961A18001B5291 /* mxml-private.c */; };
		5B2D145B1C961A18001B5291 /* mxml-search.c in Sources */ = {isa = PBXBuildFile; fileRef = 5B2D14011C961A18001B5291 /* mxml-search.c */; };
		5B2D145C1C961A18001B5291 /* mxml-set.c in Sources */ = {isa = PBXBuildFile; fileRef = 5B2D14021C961A18001B5291 /* mxml-set.c */; };
		5B2D145D1C961A18001B5291 /* mxml-string.c in Sources */ = {isa = PBXBuildFile; fileRef = 5B2D14031C961A18001B5291 /* mxml-string.c */; };
		5B2D14741C9623A3001B5291 /* conditions.png in Resources */ = {isa = PBXBuildFile; fileRef = 5B2D14731C9623A3001B5291 /* conditions.png */; };
		5B6E405B1B829F0A00EE3FDC /* Main_iPad.storyboard in Resources */ = {isa = PBXBuildFile; fileRef = 5B94A6B31B8151B300FE9283 /* Main_iPad.storyboard */; };
		5B6E405C1B829F0A00EE3FDC /* Main_iPhone.storyboard in Resources */ = {isa = PBXBuildFile; fileRef = 5B94A6B51B8151B300FE9283 /* Main_iPhone.storyboard */; };
		5B83C64A1CA90878009E7829 /* Icon-Small.png in Resources */ = {isa = PBXBuildFile; fileRef = 5B83C6491CA90878009E7829 /* Icon-Small.png */; };
		5B83C64C1CA90963009E7829 /* bug-32.png in Resources */ = {isa = PBXBuildFile; fileRef = 5B83C64B1CA90963009E7829 /* bug-32.png */; };
		5B8BAE781C96407B0062CD2D /* Default-568h@2x.png in Resources */ = {isa = PBXBuildFile; fileRef = 5B8BAE771C96407B0062CD2D /* Default-568h@2x.png */; };
		5B94A71E1B8151B300FE9283 /* AppDelegate.m in Sources */ = {isa = PBXBuildFile; fileRef = 5B94A6B11B8151B300FE9283 /* AppDelegate.m */; };
		5B94A7221B8151B300FE9283 /* CollectionViewController.m in Sources */ = {isa = PBXBuildFile; fileRef = 5B94A6BB1B8151B300FE9283 /* CollectionViewController.m */; };
		5B94A7231B8151B300FE9283 /* DataViewController.m in Sources */ = {isa = PBXBuildFile; fileRef = 5B94A6BD1B8151B300FE9283 /* DataViewController.m */; };
		5B94A7241B8151B300FE9283 /* InfoPlist.strings in Resources */ = {isa = PBXBuildFile; fileRef = 5B94A6BF1B8151B300FE9283 /* InfoPlist.strings */; };
		5B94A7251B8151B300FE9283 /* charge_battery.png in Resources */ = {isa = PBXBuildFile; fileRef = 5B94A6C31B8151B300FE9283 /* charge_battery.png */; };
		5B94A7261B8151B300FE9283 /* fully_charged_battery.png in Resources */ = {isa = PBXBuildFile; fileRef = 5B94A6C41B8151B300FE9283 /* fully_charged_battery.png */; };
		5B94A7271B8151B300FE9283 /* high_battery.png in Resources */ = {isa = PBXBuildFile; fileRef = 5B94A6C51B8151B300FE9283 /* high_battery.png */; };
		5B94A7281B8151B300FE9283 /* low_battery.png in Resources */ = {isa = PBXBuildFile; fileRef = 5B94A6C61B8151B300FE9283 /* low_battery.png */; };
		5B94A7291B8151B300FE9283 /* medium_battery.png in Resources */ = {isa = PBXBuildFile; fileRef = 5B94A6C71B8151B300FE9283 /* medium_battery.png */; };
		5B94A72A1B8151B300FE9283 /* fido.png in Resources */ = {isa = PBXBuildFile; fileRef = 5B94A6C81B8151B300FE9283 /* fido.png */; };
		5B94A72B1B8151B300FE9283 /* info.png in Resources */ = {isa = PBXBuildFile; fileRef = 5B94A6C91B8151B300FE9283 /* info.png */; };
		5B94A72C1B8151B300FE9283 /* control.png in Resources */ = {isa = PBXBuildFile; fileRef = 5B94A6CB1B8151B300FE9283 /* control.png */; };
		5B94A72D1B8151B300FE9283 /* house.png in Resources */ = {isa = PBXBuildFile; fileRef = 5B94A6CC1B8151B300FE9283 /* house.png */; };
		5B94A72E1B8151B300FE9283 /* log.png in Resources */ = {isa = PBXBuildFile; fileRef = 5B94A6CD1B8151B300FE9283 /* log.png */; };
		5B94A72F1B8151B300FE9283 /* map-marker.png in Resources */ = {isa = PBXBuildFile; fileRef = 5B94A6CE1B8151B300FE9283 /* map-marker.png */; };
		5B94A7301B8151B300FE9283 /* map.png in Resources */ = {isa = PBXBuildFile; fileRef = 5B94A6CF1B8151B300FE9283 /* map.png */; };
		5B94A7311B8151B300FE9283 /* navdata.png in Resources */ = {isa = PBXBuildFile; fileRef = 5B94A6D01B8151B300FE9283 /* navdata.png */; };
		5B94A7321B8151B300FE9283 /* rc.png in Resources */ = {isa = PBXBuildFile; fileRef = 5B94A6D11B8151B300FE9283 /* rc.png */; };
		5B94A7331B8151B300FE9283 /* sensor.png in Resources */ = {isa = PBXBuildFile; fileRef = 5B94A6D21B8151B300FE9283 /* sensor.png */; };
		5B94A7341B8151B300FE9283 /* settings.png in Resources */ = {isa = PBXBuildFile; fileRef = 5B94A6D31B8151B300FE9283 /* settings.png */; };
		5B94A7351B8151B300FE9283 /* statistics.png in Resources */ = {isa = PBXBuildFile; fileRef = 5B94A6D41B8151B300FE9283 /* statistics.png */; };
		5B94A7361B8151B300FE9283 /* status.png in Resources */ = {isa = PBXBuildFile; fileRef = 5B94A6D51B8151B300FE9283 /* status.png */; };
		5B94A7371B8151B300FE9283 /* NewMap.png in Resources */ = {isa = PBXBuildFile; fileRef = 5B94A6D61B8151B300FE9283 /* NewMap.png */; };
		5B94A7381B8151B300FE9283 /* option.png in Resources */ = {isa = PBXBuildFile; fileRef = 5B94A6D71B8151B300FE9283 /* option.png */; };
		5B94A7391B8151B300FE9283 /* confused.png in Resources */ = {isa = PBXBuildFile; fileRef = 5B94A6D91B8151B300FE9283 /* confused.png */; };
		5B94A73A1B8151B300FE9283 /* cry.png in Resources */ = {isa = PBXBuildFile; fileRef = 5B94A6DA1B8151B300FE9283 /* cry.png */; };
		5B94A73B1B8151B300FE9283 /* happy.png in Resources */ = {isa = PBXBuildFile; fileRef = 5B94A6DB1B8151B300FE9283 /* happy.png */; };
		5B94A73C1B8151B300FE9283 /* question.png in Resources */ = {isa = PBXBuildFile; fileRef = 5B94A6DC1B8151B300FE9283 /* question.png */; };
		5B94A73D1B8151B300FE9283 /* sad.png in Resources */ = {isa = PBXBuildFile; fileRef = 5B94A6DD1B8151B300FE9283 /* sad.png */; };
		5B94A73E1B8151B300FE9283 /* sleeping.png in Resources */ = {isa = PBXBuildFile; fileRef = 5B94A6DE1B8151B300FE9283 /* sleeping.png */; };
		5B94A73F1B8151B300FE9283 /* surprised.png in Resources */ = {isa = PBXBuildFile; fileRef = 5B94A6DF1B8151B300FE9283 /* surprised.png */; };
		5B94A7401B8151B300FE9283 /* down-128.png in Resources */ = {isa = PBXBuildFile; fileRef = 5B94A6E11B8151B300FE9283 /* down-128.png */; };
		5B94A7411B8151B300FE9283 /* left-128.png in Resources */ = {isa = PBXBuildFile; fileRef = 5B94A6E21B8151B300FE9283 /* left-128.png */; };
		5B94A7421B8151B300FE9283 /* one_finger-128.png in Resources */ = {isa = PBXBuildFile; fileRef = 5B94A6E31B8151B300FE9283 /* one_finger-128.png */; };
		5B94A7431B8151B300FE9283 /* right-128.png in Resources */ = {isa = PBXBuildFile; fileRef = 5B94A6E41B8151B300FE9283 /* right-128.png */; };
		5B94A7441B8151B300FE9283 /* up-128.png in Resources */ = {isa = PBXBuildFile; fileRef = 5B94A6E51B8151B300FE9283 /* up-128.png */; };
		5B94A7451B8151B300FE9283 /* setting.png in Resources */ = {isa = PBXBuildFile; fileRef = 5B94A6E61B8151B300FE9283 /* setting.png */; };
		5B94A7461B8151B300FE9283 /* error.png in Resources */ = {isa = PBXBuildFile; fileRef = 5B94A6E81B8151B300FE9283 /* error.png */; };
		5B94A7471B8151B300FE9283 /* fail.png in Resources */ = {isa = PBXBuildFile; fileRef = 5B94A6E91B8151B300FE9283 /* fail.png */; };
		5B94A7491B8151B300FE9283 /* offline.png in Resources */ = {isa = PBXBuildFile; fileRef = 5B94A6EB1B8151B300FE9283 /* offline.png */; };
		5B94A74A1B8151B300FE9283 /* online.png in Resources */ = {isa = PBXBuildFile; fileRef = 5B94A6EC1B8151B300FE9283 /* online.png */; };
		5B94A74B1B8151B300FE9283 /* warning.png in Resources */ = {isa = PBXBuildFile; fileRef = 5B94A6ED1B8151B300FE9283 /* warning.png */; };
		5B94A74C1B8151B300FE9283 /* define_location.png in Resources */ = {isa = PBXBuildFile; fileRef = 5B94A6EF1B8151B300FE9283 /* define_location.png */; };
		5B94A74D1B8151B300FE9283 /* dog.png in Resources */ = {isa = PBXBuildFile; fileRef = 5B94A6F01B8151B300FE9283 /* dog.png */; };
		5B94A74E1B8151B300FE9283 /* flag_blue.png in Resources */ = {isa = PBXBuildFile; fileRef = 5B94A6F11B8151B300FE9283 /* flag_blue.png */; };
		5B94A74F1B8151B300FE9283 /* flag_green.png in Resources */ = {isa = PBXBuildFile; fileRef = 5B94A6F21B8151B300FE9283 /* flag_green.png */; };
		5B94A7501B8151B300FE9283 /* flag_red.png in Resources */ = {isa = PBXBuildFile; fileRef = 5B94A6F31B8151B300FE9283 /* flag_red.png */; };
		5B94A7511B8151B300FE9283 /* flag_yellow.png in Resources */ = {isa = PBXBuildFile; fileRef = 5B94A6F41B8151B300FE9283 /* flag_yellow.png */; };
		5B94A7521B8151B300FE9283 /* location.png in Resources */ = {isa = PBXBuildFile; fileRef = 5B94A6F51B8151B300FE9283 /* location.png */; };
		5B94A7531B8151B300FE9283 /* street_view.png in Resources */ = {isa = PBXBuildFile; fileRef = 5B94A6F61B8151B300FE9283 /* street_view.png */; };
		5B94A7551B8151B300FE9283 /* LogViewController.m in Sources */ = {isa = PBXBuildFile; fileRef = 5B94A6F91B8151B300FE9283 /* LogViewController.m */; };
		5B94A7561B8151B300FE9283 /* main.m in Sources */ = {isa = PBXBuildFile; fileRef = 5B94A6FA1B8151B300FE9283 /* main.m */; };
		5B94A7581B8151B300FE9283 /* MasterViewController.m in Sources */ = {isa = PBXBuildFile; fileRef = 5B94A6FE1B8151B300FE9283 /* MasterViewController.m */; };
		5B94A75A1B8151B300FE9283 /* OptionsViewController.m in Sources */ = {isa = PBXBuildFile; fileRef = 5B94A7021B8151B300FE9283 /* OptionsViewController.m */; };
		5B94A75C1B8151B300FE9283 /* PubSubMsg.m in Sources */ = {isa = PBXBuildFile; fileRef = 5B94A7061B8151B300FE9283 /* PubSubMsg.m */; };
		5B94A75D1B8151B300FE9283 /* RCViewController.m in Sources */ = {isa = PBXBuildFile; fileRef = 5B94A7081B8151B300FE9283 /* RCViewController.m */; };
		5B94A7601B8151B300FE9283 /* SettingsDetail-iPad.xib in Resources */ = {isa = PBXBuildFile; fileRef = 5B94A70D1B8151B300FE9283 /* SettingsDetail-iPad.xib */; };
		5B94A7611B8151B300FE9283 /* SettingsDetail-iPhone.xib in Resources */ = {isa = PBXBuildFile; fileRef = 5B94A70E1B8151B300FE9283 /* SettingsDetail-iPhone.xib */; };
		5B94A7621B8151B300FE9283 /* SettingsDetailViewController.m in Sources */ = {isa = PBXBuildFile; fileRef = 5B94A7101B8151B300FE9283 /* SettingsDetailViewController.m */; };
		5B94A7631B8151B300FE9283 /* SettingsViewController.m in Sources */ = {isa = PBXBuildFile; fileRef = 5B94A7121B8151B300FE9283 /* SettingsViewController.m */; };
		5B94A7651B8151B300FE9283 /* SubsystemViewController.m in Sources */ = {isa = PBXBuildFile; fileRef = 5B94A7161B8151B300FE9283 /* SubsystemViewController.m */; };
		5B94A7661B8151B300FE9283 /* SystemViewController.m in Sources */ = {isa = PBXBuildFile; fileRef = 5B94A7181B8151B300FE9283 /* SystemViewController.m */; };
		5BE5408A1B82AF470005DF92 /* Media.xcassets in Resources */ = {isa = PBXBuildFile; fileRef = 5BE540891B82AF470005DF92 /* Media.xcassets */; };
/* End PBXBuildFile section */

/* Begin PBXContainerItemProxy section */
		5B94A6A31B81511E00FE9283 /* PBXContainerItemProxy */ = {
			isa = PBXContainerItemProxy;
			containerPortal = 5B94A67F1B8150C800FE9283 /* Project object */;
			proxyType = 1;
			remoteGlobalIDString = 5B94A6881B81511E00FE9283;
			remoteInfo = BugMonitor;
		};
/* End PBXContainerItemProxy section */

/* Begin PBXFileReference section */
		5B2D13B01C9619F2001B5291 /* BehaviorViewController.m */ = {isa = PBXFileReference; fileEncoding = 4; lastKnownFileType = sourcecode.c.objc; name = BehaviorViewController.m; path = BugMonitor/BehaviorViewController.m; sourceTree = "<group>"; };
		5B2D13B11C9619F2001B5291 /* ConditionsViewController.m */ = {isa = PBXFileReference; fileEncoding = 4; lastKnownFileType = sourcecode.c.objc; name = ConditionsViewController.m; path = BugMonitor/ConditionsViewController.m; sourceTree = "<group>"; };
		5B2D13B21C9619F2001B5291 /* BehaviorViewController.h */ = {isa = PBXFileReference; fileEncoding = 4; lastKnownFileType = sourcecode.c.h; name = BehaviorViewController.h; path = BugMonitor/BehaviorViewController.h; sourceTree = "<group>"; };
		5B2D13B31C9619F2001B5291 /* ConditionsViewController.h */ = {isa = PBXFileReference; fileEncoding = 4; lastKnownFileType = sourcecode.c.h; name = ConditionsViewController.h; path = BugMonitor/ConditionsViewController.h; sourceTree = "<group>"; };
		5B2D13B81C961A18001B5291 /* MessageLengths.c */ = {isa = PBXFileReference; fileEncoding = 4; lastKnownFileType = sourcecode.c.c; path = MessageLengths.c; sourceTree = "<group>"; };
		5B2D13B91C961A18001B5291 /* pubsubparser.c */ = {isa = PBXFileReference; fileEncoding = 4; lastKnownFileType = sourcecode.c.c; path = pubsubparser.c; sourceTree = "<group>"; };
		5B2D13BA1C961A18001B5291 /* Waypoints.c */ = {isa = PBXFileReference; fileEncoding = 4; lastKnownFileType = sourcecode.c.c; path = Waypoints.c; sourceTree = "<group>"; };
		5B2D13BB1C961A18001B5291 /* Helpers.h */ = {isa = PBXFileReference; fileEncoding = 4; lastKnownFileType = sourcecode.c.h; path = Helpers.h; sourceTree = "<group>"; };
		5B2D13BD1C961A18001B5291 /* MessageEnums.h */ = {isa = PBXFileReference; fileEncoding = 4; lastKnownFileType = sourcecode.c.h; path = MessageEnums.h; sourceTree = "<group>"; };
		5B2D13BE1C961A18001B5291 /* MessageFormats.h */ = {isa = PBXFileReference; fileEncoding = 4; lastKnownFileType = sourcecode.c.h; path = MessageFormats.h; sourceTree = "<group>"; };
		5B2D13BF1C961A18001B5291 /* MessageList.h */ = {isa = PBXFileReference; fileEncoding = 4; lastKnownFileType = sourcecode.c.h; path = MessageList.h; sourceTree = "<group>"; };
		5B2D13C01C961A18001B5291 /* MsgFormatList.h */ = {isa = PBXFileReference; fileEncoding = 4; lastKnownFileType = sourcecode.c.h; path = MsgFormatList.h; sourceTree = "<group>"; };
		5B2D13C11C961A18001B5291 /* NotificationConditionsList.h */ = {isa = PBXFileReference; fileEncoding = 4; lastKnownFileType = sourcecode.c.h; path = NotificationConditionsList.h; sourceTree = "<group>"; };
		5B2D13C21C961A18001B5291 /* NotificationEnums.h */ = {isa = PBXFileReference; fileEncoding = 4; lastKnownFileType = sourcecode.c.h; path = NotificationEnums.h; sourceTree = "<group>"; };
		5B2D13C31C961A18001B5291 /* NotificationEventsList.h */ = {isa = PBXFileReference; fileEncoding = 4; lastKnownFileType = sourcecode.c.h; path = NotificationEventsList.h; sourceTree = "<group>"; };
		5B2D13C41C961A18001B5291 /* topics.h */ = {isa = PBXFileReference; fileEncoding = 4; lastKnownFileType = sourcecode.c.h; path = topics.h; sourceTree = "<group>"; };
		5B2D13C51C961A18001B5291 /* Messages.h */ = {isa = PBXFileReference; fileEncoding = 4; lastKnownFileType = sourcecode.c.h; path = Messages.h; sourceTree = "<group>"; };
		5B2D13C91C961A18001B5291 /* config.h */ = {isa = PBXFileReference; fileEncoding = 4; lastKnownFileType = sourcecode.c.h; path = config.h; sourceTree = "<group>"; };
		5B2D13F91C961A18001B5291 /* mxml-attr.c */ = {isa = PBXFileReference; fileEncoding = 4; lastKnownFileType = sourcecode.c.c; path = "mxml-attr.c"; sourceTree = "<group>"; };
		5B2D13FA1C961A18001B5291 /* mxml-entity.c */ = {isa = PBXFileReference; fileEncoding = 4; lastKnownFileType = sourcecode.c.c; path = "mxml-entity.c"; sourceTree = "<group>"; };
		5B2D13FB1C961A18001B5291 /* mxml-file.c */ = {isa = PBXFileReference; fileEncoding = 4; lastKnownFileType = sourcecode.c.c; path = "mxml-file.c"; sourceTree = "<group>"; };
		5B2D13FC1C961A18001B5291 /* mxml-get.c */ = {isa = PBXFileReference; fileEncoding = 4; lastKnownFileType = sourcecode.c.c; path = "mxml-get.c"; sourceTree = "<group>"; };
		5B2D13FD1C961A18001B5291 /* mxml-index.c */ = {isa = PBXFileReference; fileEncoding = 4; lastKnownFileType = sourcecode.c.c; path = "mxml-index.c"; sourceTree = "<group>"; };
		5B2D13FE1C961A18001B5291 /* mxml-node.c */ = {isa = PBXFileReference; fileEncoding = 4; lastKnownFileType = sourcecode.c.c; path = "mxml-node.c"; sourceTree = "<group>"; };
		5B2D13FF1C961A18001B5291 /* mxml-private.c */ = {isa = PBXFileReference; fileEncoding = 4; lastKnownFileType = sourcecode.c.c; path = "mxml-private.c"; sourceTree = "<group>"; };
		5B2D14001C961A18001B5291 /* mxml-private.h */ = {isa = PBXFileReference; fileEncoding = 4; lastKnownFileType = sourcecode.c.h; path = "mxml-private.h"; sourceTree = "<group>"; };
		5B2D14011C961A18001B5291 /* mxml-search.c */ = {isa = PBXFileReference; fileEncoding = 4; lastKnownFileType = sourcecode.c.c; path = "mxml-search.c"; sourceTree = "<group>"; };
		5B2D14021C961A18001B5291 /* mxml-set.c */ = {isa = PBXFileReference; fileEncoding = 4; lastKnownFileType = sourcecode.c.c; path = "mxml-set.c"; sourceTree = "<group>"; };
		5B2D14031C961A18001B5291 /* mxml-string.c */ = {isa = PBXFileReference; fileEncoding = 4; lastKnownFileType = sourcecode.c.c; path = "mxml-string.c"; sourceTree = "<group>"; };
		5B2D14041C961A18001B5291 /* mxml.h */ = {isa = PBXFileReference; fileEncoding = 4; lastKnownFileType = sourcecode.c.h; path = mxml.h; sourceTree = "<group>"; };
		5B2D141C1C961A18001B5291 /* PortablePrint.h */ = {isa = PBXFileReference; fileEncoding = 4; lastKnownFileType = sourcecode.c.h; path = PortablePrint.h; sourceTree = "<group>"; };
		5B2D141E1C961A18001B5291 /* PubSubData.h */ = {isa = PBXFileReference; fileEncoding = 4; lastKnownFileType = sourcecode.c.h; path = PubSubData.h; sourceTree = "<group>"; };
		5B2D141F1C961A18001B5291 /* PubSubParser.h */ = {isa = PBXFileReference; fileEncoding = 4; lastKnownFileType = sourcecode.c.h; path = PubSubParser.h; sourceTree = "<group>"; };
		5B2D14201C961A18001B5291 /* Waypoints.h */ = {isa = PBXFileReference; fileEncoding = 4; lastKnownFileType = sourcecode.c.h; path = Waypoints.h; sourceTree = "<group>"; };
		5B2D14731C9623A3001B5291 /* conditions.png */ = {isa = PBXFileReference; lastKnownFileType = image.png; path = conditions.png; sourceTree = "<group>"; };
		5B83C6491CA90878009E7829 /* Icon-Small.png */ = {isa = PBXFileReference; lastKnownFileType = image.png; path = "Icon-Small.png"; sourceTree = "<group>"; };
		5B83C64B1CA90963009E7829 /* bug-32.png */ = {isa = PBXFileReference; lastKnownFileType = image.png; path = "bug-32.png"; sourceTree = "<group>"; };
		5B8BAE771C96407B0062CD2D /* Default-568h@2x.png */ = {isa = PBXFileReference; lastKnownFileType = image.png; name = "Default-568h@2x.png"; path = "../Default-568h@2x.png"; sourceTree = "<group>"; };
		5B94A6891B81511E00FE9283 /* BugMonitor.app */ = {isa = PBXFileReference; explicitFileType = wrapper.application; includeInIndex = 0; path = BugMonitor.app; sourceTree = BUILT_PRODUCTS_DIR; };
		5B94A6A21B81511E00FE9283 /* BugMonitorTests.xctest */ = {isa = PBXFileReference; explicitFileType = wrapper.cfbundle; includeInIndex = 0; path = BugMonitorTests.xctest; sourceTree = BUILT_PRODUCTS_DIR; };
		5B94A6B01B8151B300FE9283 /* AppDelegate.h */ = {isa = PBXFileReference; fileEncoding = 4; lastKnownFileType = sourcecode.c.h; path = AppDelegate.h; sourceTree = "<group>"; };
		5B94A6B11B8151B300FE9283 /* AppDelegate.m */ = {isa = PBXFileReference; fileEncoding = 4; lastKnownFileType = sourcecode.c.objc; path = AppDelegate.m; sourceTree = "<group>"; };
		5B94A6B41B8151B300FE9283 /* Base */ = {isa = PBXFileReference; lastKnownFileType = file.storyboard; name = Base; path = Main_iPad.storyboard; sourceTree = "<group>"; };
		5B94A6B61B8151B300FE9283 /* Base */ = {isa = PBXFileReference; lastKnownFileType = file.storyboard; name = Base; path = Main_iPhone.storyboard; sourceTree = "<group>"; };
		5B94A6B71B8151B300FE9283 /* MessageDelegateProtocol.h */ = {isa = PBXFileReference; fileEncoding = 4; lastKnownFileType = sourcecode.c.h; path = MessageDelegateProtocol.h; sourceTree = "<group>"; };
		5B94A6BA1B8151B300FE9283 /* CollectionViewController.h */ = {isa = PBXFileReference; fileEncoding = 4; lastKnownFileType = sourcecode.c.h; path = CollectionViewController.h; sourceTree = "<group>"; };
		5B94A6BB1B8151B300FE9283 /* CollectionViewController.m */ = {isa = PBXFileReference; fileEncoding = 4; lastKnownFileType = sourcecode.c.objc; path = CollectionViewController.m; sourceTree = "<group>"; };
		5B94A6BC1B8151B300FE9283 /* DataViewController.h */ = {isa = PBXFileReference; fileEncoding = 4; lastKnownFileType = sourcecode.c.h; name = DataViewController.h; path = BugMonitor/DataViewController.h; sourceTree = "<group>"; };
		5B94A6BD1B8151B300FE9283 /* DataViewController.m */ = {isa = PBXFileReference; fileEncoding = 4; lastKnownFileType = sourcecode.c.objc; name = DataViewController.m; path = BugMonitor/DataViewController.m; sourceTree = "<group>"; };
		5B94A6C01B8151B300FE9283 /* en */ = {isa = PBXFileReference; lastKnownFileType = text.plist.strings; name = en; path = InfoPlist.strings; sourceTree = "<group>"; };
		5B94A6C31B8151B300FE9283 /* charge_battery.png */ = {isa = PBXFileReference; lastKnownFileType = image.png; path = charge_battery.png; sourceTree = "<group>"; };
		5B94A6C41B8151B300FE9283 /* fully_charged_battery.png */ = {isa = PBXFileReference; lastKnownFileType = image.png; path = fully_charged_battery.png; sourceTree = "<group>"; };
		5B94A6C51B8151B300FE9283 /* high_battery.png */ = {isa = PBXFileReference; lastKnownFileType = image.png; path = high_battery.png; sourceTree = "<group>"; };
		5B94A6C61B8151B300FE9283 /* low_battery.png */ = {isa = PBXFileReference; lastKnownFileType = image.png; path = low_battery.png; sourceTree = "<group>"; };
		5B94A6C71B8151B300FE9283 /* medium_battery.png */ = {isa = PBXFileReference; lastKnownFileType = image.png; path = medium_battery.png; sourceTree = "<group>"; };
		5B94A6C81B8151B300FE9283 /* fido.png */ = {isa = PBXFileReference; lastKnownFileType = image.png; path = fido.png; sourceTree = "<group>"; };
		5B94A6C91B8151B300FE9283 /* info.png */ = {isa = PBXFileReference; lastKnownFileType = image.png; path = info.png; sourceTree = "<group>"; };
		5B94A6CB1B8151B300FE9283 /* control.png */ = {isa = PBXFileReference; lastKnownFileType = image.png; path = control.png; sourceTree = "<group>"; };
		5B94A6CC1B8151B300FE9283 /* house.png */ = {isa = PBXFileReference; lastKnownFileType = image.png; path = house.png; sourceTree = "<group>"; };
		5B94A6CD1B8151B300FE9283 /* log.png */ = {isa = PBXFileReference; lastKnownFileType = image.png; path = log.png; sourceTree = "<group>"; };
		5B94A6CE1B8151B300FE9283 /* map-marker.png */ = {isa = PBXFileReference; lastKnownFileType = image.png; path = "map-marker.png"; sourceTree = "<group>"; };
		5B94A6CF1B8151B300FE9283 /* map.png */ = {isa = PBXFileReference; lastKnownFileType = image.png; path = map.png; sourceTree = "<group>"; };
		5B94A6D01B8151B300FE9283 /* navdata.png */ = {isa = PBXFileReference; lastKnownFileType = image.png; path = navdata.png; sourceTree = "<group>"; };
		5B94A6D11B8151B300FE9283 /* rc.png */ = {isa = PBXFileReference; lastKnownFileType = image.png; path = rc.png; sourceTree = "<group>"; };
		5B94A6D21B8151B300FE9283 /* sensor.png */ = {isa = PBXFileReference; lastKnownFileType = image.png; path = sensor.png; sourceTree = "<group>"; };
		5B94A6D31B8151B300FE9283 /* settings.png */ = {isa = PBXFileReference; lastKnownFileType = image.png; path = settings.png; sourceTree = "<group>"; };
		5B94A6D41B8151B300FE9283 /* statistics.png */ = {isa = PBXFileReference; lastKnownFileType = image.png; path = statistics.png; sourceTree = "<group>"; };
		5B94A6D51B8151B300FE9283 /* status.png */ = {isa = PBXFileReference; lastKnownFileType = image.png; path = status.png; sourceTree = "<group>"; };
		5B94A6D61B8151B300FE9283 /* NewMap.png */ = {isa = PBXFileReference; lastKnownFileType = image.png; path = NewMap.png; sourceTree = "<group>"; };
		5B94A6D71B8151B300FE9283 /* option.png */ = {isa = PBXFileReference; lastKnownFileType = image.png; path = option.png; sourceTree = "<group>"; };
		5B94A6D91B8151B300FE9283 /* confused.png */ = {isa = PBXFileReference; lastKnownFileType = image.png; path = confused.png; sourceTree = "<group>"; };
		5B94A6DA1B8151B300FE9283 /* cry.png */ = {isa = PBXFileReference; lastKnownFileType = image.png; path = cry.png; sourceTree = "<group>"; };
		5B94A6DB1B8151B300FE9283 /* happy.png */ = {isa = PBXFileReference; lastKnownFileType = image.png; path = happy.png; sourceTree = "<group>"; };
		5B94A6DC1B8151B300FE9283 /* question.png */ = {isa = PBXFileReference; lastKnownFileType = image.png; path = question.png; sourceTree = "<group>"; };
		5B94A6DD1B8151B300FE9283 /* sad.png */ = {isa = PBXFileReference; lastKnownFileType = image.png; path = sad.png; sourceTree = "<group>"; };
		5B94A6DE1B8151B300FE9283 /* sleeping.png */ = {isa = PBXFileReference; lastKnownFileType = image.png; path = sleeping.png; sourceTree = "<group>"; };
		5B94A6DF1B8151B300FE9283 /* surprised.png */ = {isa = PBXFileReference; lastKnownFileType = image.png; path = surprised.png; sourceTree = "<group>"; };
		5B94A6E11B8151B300FE9283 /* down-128.png */ = {isa = PBXFileReference; lastKnownFileType = image.png; path = "down-128.png"; sourceTree = "<group>"; };
		5B94A6E21B8151B300FE9283 /* left-128.png */ = {isa = PBXFileReference; lastKnownFileType = image.png; path = "left-128.png"; sourceTree = "<group>"; };
		5B94A6E31B8151B300FE9283 /* one_finger-128.png */ = {isa = PBXFileReference; lastKnownFileType = image.png; path = "one_finger-128.png"; sourceTree = "<group>"; };
		5B94A6E41B8151B300FE9283 /* right-128.png */ = {isa = PBXFileReference; lastKnownFileType = image.png; path = "right-128.png"; sourceTree = "<group>"; };
		5B94A6E51B8151B300FE9283 /* up-128.png */ = {isa = PBXFileReference; lastKnownFileType = image.png; path = "up-128.png"; sourceTree = "<group>"; };
		5B94A6E61B8151B300FE9283 /* setting.png */ = {isa = PBXFileReference; lastKnownFileType = image.png; path = setting.png; sourceTree = "<group>"; };
		5B94A6E81B8151B300FE9283 /* error.png */ = {isa = PBXFileReference; lastKnownFileType = image.png; path = error.png; sourceTree = "<group>"; };
		5B94A6E91B8151B300FE9283 /* fail.png */ = {isa = PBXFileReference; lastKnownFileType = image.png; path = fail.png; sourceTree = "<group>"; };
		5B94A6EB1B8151B300FE9283 /* offline.png */ = {isa = PBXFileReference; lastKnownFileType = image.png; path = offline.png; sourceTree = "<group>"; };
		5B94A6EC1B8151B300FE9283 /* online.png */ = {isa = PBXFileReference; lastKnownFileType = image.png; path = online.png; sourceTree = "<group>"; };
		5B94A6ED1B8151B300FE9283 /* warning.png */ = {isa = PBXFileReference; lastKnownFileType = image.png; path = warning.png; sourceTree = "<group>"; };
		5B94A6EF1B8151B300FE9283 /* define_location.png */ = {isa = PBXFileReference; lastKnownFileType = image.png; path = define_location.png; sourceTree = "<group>"; };
		5B94A6F01B8151B300FE9283 /* dog.png */ = {isa = PBXFileReference; lastKnownFileType = image.png; path = dog.png; sourceTree = "<group>"; };
		5B94A6F11B8151B300FE9283 /* flag_blue.png */ = {isa = PBXFileReference; lastKnownFileType = image.png; path = flag_blue.png; sourceTree = "<group>"; };
		5B94A6F21B8151B300FE9283 /* flag_green.png */ = {isa = PBXFileReference; lastKnownFileType = image.png; path = flag_green.png; sourceTree = "<group>"; };
		5B94A6F31B8151B300FE9283 /* flag_red.png */ = {isa = PBXFileReference; lastKnownFileType = image.png; path = flag_red.png; sourceTree = "<group>"; };
		5B94A6F41B8151B300FE9283 /* flag_yellow.png */ = {isa = PBXFileReference; lastKnownFileType = image.png; path = flag_yellow.png; sourceTree = "<group>"; };
		5B94A6F51B8151B300FE9283 /* location.png */ = {isa = PBXFileReference; lastKnownFileType = image.png; path = location.png; sourceTree = "<group>"; };
		5B94A6F61B8151B300FE9283 /* street_view.png */ = {isa = PBXFileReference; lastKnownFileType = image.png; path = street_view.png; sourceTree = "<group>"; };
		5B94A6F81B8151B300FE9283 /* LogViewController.h */ = {isa = PBXFileReference; fileEncoding = 4; lastKnownFileType = sourcecode.c.h; name = LogViewController.h; path = BugMonitor/LogViewController.h; sourceTree = "<group>"; };
		5B94A6F91B8151B300FE9283 /* LogViewController.m */ = {isa = PBXFileReference; fileEncoding = 4; lastKnownFileType = sourcecode.c.objc; name = LogViewController.m; path = BugMonitor/LogViewController.m; sourceTree = "<group>"; };
		5B94A6FA1B8151B300FE9283 /* main.m */ = {isa = PBXFileReference; fileEncoding = 4; lastKnownFileType = sourcecode.c.objc; path = main.m; sourceTree = "<group>"; };
		5B94A6FD1B8151B300FE9283 /* MasterViewController.h */ = {isa = PBXFileReference; fileEncoding = 4; lastKnownFileType = sourcecode.c.h; path = MasterViewController.h; sourceTree = "<group>"; };
		5B94A6FE1B8151B300FE9283 /* MasterViewController.m */ = {isa = PBXFileReference; fileEncoding = 4; lastKnownFileType = sourcecode.c.objc; path = MasterViewController.m; sourceTree = "<group>"; };
		5B94A7011B8151B300FE9283 /* OptionsViewController.h */ = {isa = PBXFileReference; fileEncoding = 4; lastKnownFileType = sourcecode.c.h; name = OptionsViewController.h; path = BugMonitor/OptionsViewController.h; sourceTree = "<group>"; };
		5B94A7021B8151B300FE9283 /* OptionsViewController.m */ = {isa = PBXFileReference; fileEncoding = 4; lastKnownFileType = sourcecode.c.objc; name = OptionsViewController.m; path = BugMonitor/OptionsViewController.m; sourceTree = "<group>"; };
		5B94A7051B8151B300FE9283 /* PubSubMsg.h */ = {isa = PBXFileReference; fileEncoding = 4; lastKnownFileType = sourcecode.c.h; path = PubSubMsg.h; sourceTree = "<group>"; };
		5B94A7061B8151B300FE9283 /* PubSubMsg.m */ = {isa = PBXFileReference; fileEncoding = 4; lastKnownFileType = sourcecode.c.objc; path = PubSubMsg.m; sourceTree = "<group>"; };
		5B94A7071B8151B300FE9283 /* RCViewController.h */ = {isa = PBXFileReference; fileEncoding = 4; lastKnownFileType = sourcecode.c.h; name = RCViewController.h; path = BugMonitor/RCViewController.h; sourceTree = "<group>"; };
		5B94A7081B8151B300FE9283 /* RCViewController.m */ = {isa = PBXFileReference; fileEncoding = 4; lastKnownFileType = sourcecode.c.objc; name = RCViewController.m; path = BugMonitor/RCViewController.m; sourceTree = "<group>"; };
		5B94A7091B8151B300FE9283 /* Info.plist */ = {isa = PBXFileReference; fileEncoding = 4; lastKnownFileType = text.plist.xml; name = Info.plist; path = ../Info.plist; sourceTree = "<group>"; };
		5B94A70A1B8151B300FE9283 /* RoboMonitor-Prefix.pch */ = {isa = PBXFileReference; fileEncoding = 4; lastKnownFileType = sourcecode.c.h; path = "RoboMonitor-Prefix.pch"; sourceTree = "<group>"; };
		5B94A70D1B8151B300FE9283 /* SettingsDetail-iPad.xib */ = {isa = PBXFileReference; fileEncoding = 4; lastKnownFileType = file.xib; name = "SettingsDetail-iPad.xib"; path = "BugMonitor/SettingsDetail-iPad.xib"; sourceTree = "<group>"; };
		5B94A70E1B8151B300FE9283 /* SettingsDetail-iPhone.xib */ = {isa = PBXFileReference; fileEncoding = 4; lastKnownFileType = file.xib; name = "SettingsDetail-iPhone.xib"; path = "BugMonitor/SettingsDetail-iPhone.xib"; sourceTree = "<group>"; };
		5B94A70F1B8151B300FE9283 /* SettingsDetailViewController.h */ = {isa = PBXFileReference; fileEncoding = 4; lastKnownFileType = sourcecode.c.h; name = SettingsDetailViewController.h; path = BugMonitor/SettingsDetailViewController.h; sourceTree = "<group>"; };
		5B94A7101B8151B300FE9283 /* SettingsDetailViewController.m */ = {isa = PBXFileReference; fileEncoding = 4; lastKnownFileType = sourcecode.c.objc; name = SettingsDetailViewController.m; path = BugMonitor/SettingsDetailViewController.m; sourceTree = "<group>"; };
		5B94A7111B8151B300FE9283 /* SettingsViewController.h */ = {isa = PBXFileReference; fileEncoding = 4; lastKnownFileType = sourcecode.c.h; name = SettingsViewController.h; path = BugMonitor/SettingsViewController.h; sourceTree = "<group>"; };
		5B94A7121B8151B300FE9283 /* SettingsViewController.m */ = {isa = PBXFileReference; fileEncoding = 4; lastKnownFileType = sourcecode.c.objc; name = SettingsViewController.m; path = BugMonitor/SettingsViewController.m; sourceTree = "<group>"; };
		5B94A7151B8151B300FE9283 /* SubsystemViewController.h */ = {isa = PBXFileReference; fileEncoding = 4; lastKnownFileType = sourcecode.c.h; name = SubsystemViewController.h; path = BugMonitor/SubsystemViewController.h; sourceTree = "<group>"; };
		5B94A7161B8151B300FE9283 /* SubsystemViewController.m */ = {isa = PBXFileReference; fileEncoding = 4; lastKnownFileType = sourcecode.c.objc; name = SubsystemViewController.m; path = BugMonitor/SubsystemViewController.m; sourceTree = "<group>"; };
		5B94A7171B8151B300FE9283 /* SystemViewController.h */ = {isa = PBXFileReference; fileEncoding = 4; lastKnownFileType = sourcecode.c.h; name = SystemViewController.h; path = BugMonitor/SystemViewController.h; sourceTree = "<group>"; };
		5B94A7181B8151B300FE9283 /* SystemViewController.m */ = {isa = PBXFileReference; fileEncoding = 4; lastKnownFileType = sourcecode.c.objc; name = SystemViewController.m; path = BugMonitor/SystemViewController.m; sourceTree = "<group>"; };
		5BE540891B82AF470005DF92 /* Media.xcassets */ = {isa = PBXFileReference; lastKnownFileType = folder.assetcatalog; path = Media.xcassets; sourceTree = "<group>"; };
		5BEB7A001C6340F800534F98 /* CollectionProtocol.h */ = {isa = PBXFileReference; lastKnownFileType = sourcecode.c.h; path = CollectionProtocol.h; sourceTree = "<group>"; };
/* End PBXFileReference section */

/* Begin PBXFrameworksBuildPhase section */
		5B94A6861B81511E00FE9283 /* Frameworks */ = {
			isa = PBXFrameworksBuildPhase;
			buildActionMask = 2147483647;
			files = (
			);
			runOnlyForDeploymentPostprocessing = 0;
		};
		5B94A69F1B81511E00FE9283 /* Frameworks */ = {
			isa = PBXFrameworksBuildPhase;
			buildActionMask = 2147483647;
			files = (
			);
			runOnlyForDeploymentPostprocessing = 0;
		};
/* End PBXFrameworksBuildPhase section */

/* Begin PBXGroup section */
		5B2D13B61C961A18001B5291 /* Shared */ = {
			isa = PBXGroup;
			children = (
				5B2D13B71C961A18001B5291 /* helpers */,
				5B2D13BB1C961A18001B5291 /* Helpers.h */,
				5B2D13BC1C961A18001B5291 /* messages */,
				5B2D13C51C961A18001B5291 /* Messages.h */,
				5B2D13C61C961A18001B5291 /* mxml-2.9 */,
				5B2D141C1C961A18001B5291 /* PortablePrint.h */,
				5B2D141E1C961A18001B5291 /* PubSubData.h */,
				5B2D141F1C961A18001B5291 /* PubSubParser.h */,
				5B2D14201C961A18001B5291 /* Waypoints.h */,
			);
			name = Shared;
			path = ../../../Shared;
			sourceTree = "<group>";
		};
		5B2D13B71C961A18001B5291 /* helpers */ = {
			isa = PBXGroup;
			children = (
				5B2D13B81C961A18001B5291 /* MessageLengths.c */,
				5B2D13B91C961A18001B5291 /* pubsubparser.c */,
				5B2D13BA1C961A18001B5291 /* Waypoints.c */,
			);
			path = helpers;
			sourceTree = "<group>";
		};
		5B2D13BC1C961A18001B5291 /* messages */ = {
			isa = PBXGroup;
			children = (
				5B2D13BD1C961A18001B5291 /* MessageEnums.h */,
				5B2D13BE1C961A18001B5291 /* MessageFormats.h */,
				5B2D13BF1C961A18001B5291 /* MessageList.h */,
				5B2D13C01C961A18001B5291 /* MsgFormatList.h */,
				5B2D13C11C961A18001B5291 /* NotificationConditionsList.h */,
				5B2D13C21C961A18001B5291 /* NotificationEnums.h */,
				5B2D13C31C961A18001B5291 /* NotificationEventsList.h */,
				5B2D13C41C961A18001B5291 /* topics.h */,
			);
			path = messages;
			sourceTree = "<group>";
		};
		5B2D13C61C961A18001B5291 /* mxml-2.9 */ = {
			isa = PBXGroup;
			children = (
				5B2D13C91C961A18001B5291 /* config.h */,
				5B2D13F91C961A18001B5291 /* mxml-attr.c */,
				5B2D13FA1C961A18001B5291 /* mxml-entity.c */,
				5B2D13FB1C961A18001B5291 /* mxml-file.c */,
				5B2D13FC1C961A18001B5291 /* mxml-get.c */,
				5B2D13FD1C961A18001B5291 /* mxml-index.c */,
				5B2D13FE1C961A18001B5291 /* mxml-node.c */,
				5B2D13FF1C961A18001B5291 /* mxml-private.c */,
				5B2D14001C961A18001B5291 /* mxml-private.h */,
				5B2D14011C961A18001B5291 /* mxml-search.c */,
				5B2D14021C961A18001B5291 /* mxml-set.c */,
				5B2D14031C961A18001B5291 /* mxml-string.c */,
				5B2D14041C961A18001B5291 /* mxml.h */,
			);
			path = "mxml-2.9";
			sourceTree = "<group>";
		};
		5B94A67E1B8150C800FE9283 = {
			isa = PBXGroup;
			children = (
				5B8BAE771C96407B0062CD2D /* Default-568h@2x.png */,
				5B94A68B1B81511E00FE9283 /* BugMonitor */,
				5B94A68A1B81511E00FE9283 /* Products */,
			);
			sourceTree = "<group>";
		};
		5B94A68A1B81511E00FE9283 /* Products */ = {
			isa = PBXGroup;
			children = (
				5B94A6891B81511E00FE9283 /* BugMonitor.app */,
				5B94A6A21B81511E00FE9283 /* BugMonitorTests.xctest */,
			);
			name = Products;
			sourceTree = "<group>";
		};
		5B94A68B1B81511E00FE9283 /* BugMonitor */ = {
			isa = PBXGroup;
			children = (
				5B2D13B61C961A18001B5291 /* Shared */,
				5BE5408E1B82B4080005DF92 /* Main */,
				5BE5408D1B82B3BD0005DF92 /* Panels */,
				5BE540891B82AF470005DF92 /* Media.xcassets */,
				5B94A6B21B8151B300FE9283 /* Base.lproj */,
				5B94A6BE1B8151B300FE9283 /* en.lproj */,
				5B94A6C11B8151B300FE9283 /* images */,
				5B94A6FA1B8151B300FE9283 /* main.m */,
				5B94A70A1B8151B300FE9283 /* RoboMonitor-Prefix.pch */,
			);
			path = BugMonitor;
			sourceTree = "<group>";
		};
		5B94A6B21B8151B300FE9283 /* Base.lproj */ = {
			isa = PBXGroup;
			children = (
				5B94A6B31B8151B300FE9283 /* Main_iPad.storyboard */,
				5B94A6B51B8151B300FE9283 /* Main_iPhone.storyboard */,
			);
			path = Base.lproj;
			sourceTree = "<group>";
		};
		5B94A6BE1B8151B300FE9283 /* en.lproj */ = {
			isa = PBXGroup;
			children = (
				5B94A7091B8151B300FE9283 /* Info.plist */,
				5B94A6BF1B8151B300FE9283 /* InfoPlist.strings */,
			);
			path = en.lproj;
			sourceTree = "<group>";
		};
		5B94A6C11B8151B300FE9283 /* images */ = {
			isa = PBXGroup;
			children = (
				5B83C64B1CA90963009E7829 /* bug-32.png */,
				5B83C6491CA90878009E7829 /* Icon-Small.png */,
				5B94A6C21B8151B300FE9283 /* battery */,
				5B94A6C81B8151B300FE9283 /* fido.png */,
				5B94A6C91B8151B300FE9283 /* info.png */,
				5B94A6CA1B8151B300FE9283 /* MainMenu */,
				5B94A6D61B8151B300FE9283 /* NewMap.png */,
				5B94A6D71B8151B300FE9283 /* option.png */,
				5B94A6D81B8151B300FE9283 /* ProxIcons */,
				5B94A6E01B8151B300FE9283 /* RC */,
				5B94A6E61B8151B300FE9283 /* setting.png */,
				5B94A6E71B8151B300FE9283 /* statusIcons */,
				5B94A6EE1B8151B300FE9283 /* waypoints */,
			);
			path = images;
			sourceTree = "<group>";
		};
		5B94A6C21B8151B300FE9283 /* battery */ = {
			isa = PBXGroup;
			children = (
				5B94A6C31B8151B300FE9283 /* charge_battery.png */,
				5B94A6C41B8151B300FE9283 /* fully_charged_battery.png */,
				5B94A6C51B8151B300FE9283 /* high_battery.png */,
				5B94A6C61B8151B300FE9283 /* low_battery.png */,
				5B94A6C71B8151B300FE9283 /* medium_battery.png */,
			);
			path = battery;
			sourceTree = "<group>";
		};
		5B94A6CA1B8151B300FE9283 /* MainMenu */ = {
			isa = PBXGroup;
			children = (
				5B2D14731C9623A3001B5291 /* conditions.png */,
				5B94A6CB1B8151B300FE9283 /* control.png */,
				5B94A6CC1B8151B300FE9283 /* house.png */,
				5B94A6CD1B8151B300FE9283 /* log.png */,
				5B94A6CE1B8151B300FE9283 /* map-marker.png */,
				5B94A6CF1B8151B300FE9283 /* map.png */,
				5B94A6D01B8151B300FE9283 /* navdata.png */,
				5B94A6D11B8151B300FE9283 /* rc.png */,
				5B94A6D21B8151B300FE9283 /* sensor.png */,
				5B94A6D31B8151B300FE9283 /* settings.png */,
				5B94A6D41B8151B300FE9283 /* statistics.png */,
				5B94A6D51B8151B300FE9283 /* status.png */,
			);
			path = MainMenu;
			sourceTree = "<group>";
		};
		5B94A6D81B8151B300FE9283 /* ProxIcons */ = {
			isa = PBXGroup;
			children = (
				5B94A6D91B8151B300FE9283 /* confused.png */,
				5B94A6DA1B8151B300FE9283 /* cry.png */,
				5B94A6DB1B8151B300FE9283 /* happy.png */,
				5B94A6DC1B8151B300FE9283 /* question.png */,
				5B94A6DD1B8151B300FE9283 /* sad.png */,
				5B94A6DE1B8151B300FE9283 /* sleeping.png */,
				5B94A6DF1B8151B300FE9283 /* surprised.png */,
			);
			path = ProxIcons;
			sourceTree = "<group>";
		};
		5B94A6E01B8151B300FE9283 /* RC */ = {
			isa = PBXGroup;
			children = (
				5B94A6E11B8151B300FE9283 /* down-128.png */,
				5B94A6E21B8151B300FE9283 /* left-128.png */,
				5B94A6E31B8151B300FE9283 /* one_finger-128.png */,
				5B94A6E41B8151B300FE9283 /* right-128.png */,
				5B94A6E51B8151B300FE9283 /* up-128.png */,
			);
			path = RC;
			sourceTree = "<group>";
		};
		5B94A6E71B8151B300FE9283 /* statusIcons */ = {
			isa = PBXGroup;
			children = (
				5B94A6E81B8151B300FE9283 /* error.png */,
				5B94A6E91B8151B300FE9283 /* fail.png */,
				5B94A6EB1B8151B300FE9283 /* offline.png */,
				5B94A6EC1B8151B300FE9283 /* online.png */,
				5B94A6ED1B8151B300FE9283 /* warning.png */,
			);
			path = statusIcons;
			sourceTree = "<group>";
		};
		5B94A6EE1B8151B300FE9283 /* waypoints */ = {
			isa = PBXGroup;
			children = (
				5B94A6EF1B8151B300FE9283 /* define_location.png */,
				5B94A6F01B8151B300FE9283 /* dog.png */,
				5B94A6F11B8151B300FE9283 /* flag_blue.png */,
				5B94A6F21B8151B300FE9283 /* flag_green.png */,
				5B94A6F31B8151B300FE9283 /* flag_red.png */,
				5B94A6F41B8151B300FE9283 /* flag_yellow.png */,
				5B94A6F51B8151B300FE9283 /* location.png */,
				5B94A6F61B8151B300FE9283 /* street_view.png */,
			);
			path = waypoints;
			sourceTree = "<group>";
		};
		5BE5408D1B82B3BD0005DF92 /* Panels */ = {
			isa = PBXGroup;
			children = (
				5B2D13B21C9619F2001B5291 /* BehaviorViewController.h */,
				5B2D13B01C9619F2001B5291 /* BehaviorViewController.m */,
				5B2D13B31C9619F2001B5291 /* ConditionsViewController.h */,
				5B2D13B11C9619F2001B5291 /* ConditionsViewController.m */,
				5B94A6BC1B8151B300FE9283 /* DataViewController.h */,
				5B94A6BD1B8151B300FE9283 /* DataViewController.m */,
				5B94A6F81B8151B300FE9283 /* LogViewController.h */,
				5B94A6F91B8151B300FE9283 /* LogViewController.m */,
				5B94A7011B8151B300FE9283 /* OptionsViewController.h */,
				5B94A7021B8151B300FE9283 /* OptionsViewController.m */,
				5B94A7071B8151B300FE9283 /* RCViewController.h */,
				5B94A7081B8151B300FE9283 /* RCViewController.m */,
				5B94A70D1B8151B300FE9283 /* SettingsDetail-iPad.xib */,
				5B94A70E1B8151B300FE9283 /* SettingsDetail-iPhone.xib */,
				5B94A70F1B8151B300FE9283 /* SettingsDetailViewController.h */,
				5B94A7101B8151B300FE9283 /* SettingsDetailViewController.m */,
				5B94A7111B8151B300FE9283 /* SettingsViewController.h */,
				5B94A7121B8151B300FE9283 /* SettingsViewController.m */,
				5B94A7151B8151B300FE9283 /* SubsystemViewController.h */,
				5B94A7161B8151B300FE9283 /* SubsystemViewController.m */,
				5B94A7171B8151B300FE9283 /* SystemViewController.h */,
				5B94A7181B8151B300FE9283 /* SystemViewController.m */,
			);
			name = Panels;
			path = ..;
			sourceTree = "<group>";
		};
		5BE5408E1B82B4080005DF92 /* Main */ = {
			isa = PBXGroup;
			children = (
				5B94A6B01B8151B300FE9283 /* AppDelegate.h */,
				5B94A6B11B8151B300FE9283 /* AppDelegate.m */,
				5B94A6B71B8151B300FE9283 /* MessageDelegateProtocol.h */,
				5B94A7051B8151B300FE9283 /* PubSubMsg.h */,
				5B94A7061B8151B300FE9283 /* PubSubMsg.m */,
				5B94A6BA1B8151B300FE9283 /* CollectionViewController.h */,
				5B94A6BB1B8151B300FE9283 /* CollectionViewController.m */,
				5B94A6FD1B8151B300FE9283 /* MasterViewController.h */,
				5B94A6FE1B8151B300FE9283 /* MasterViewController.m */,
				5BEB7A001C6340F800534F98 /* CollectionProtocol.h */,
			);
			name = Main;
			sourceTree = "<group>";
		};
/* End PBXGroup section */

/* Begin PBXNativeTarget section */
		5B94A6881B81511E00FE9283 /* BugMonitor */ = {
			isa = PBXNativeTarget;
			buildConfigurationList = 5B94A6AA1B81511F00FE9283 /* Build configuration list for PBXNativeTarget "BugMonitor" */;
			buildPhases = (
				5B94A6851B81511E00FE9283 /* Sources */,
				5B94A6861B81511E00FE9283 /* Frameworks */,
				5B94A6871B81511E00FE9283 /* Resources */,
			);
			buildRules = (
			);
			dependencies = (
			);
			name = BugMonitor;
			productName = BugMonitor;
			productReference = 5B94A6891B81511E00FE9283 /* BugMonitor.app */;
			productType = "com.apple.product-type.application";
		};
		5B94A6A11B81511E00FE9283 /* BugMonitorTests */ = {
			isa = PBXNativeTarget;
			buildConfigurationList = 5B94A6AD1B81511F00FE9283 /* Build configuration list for PBXNativeTarget "BugMonitorTests" */;
			buildPhases = (
				5B94A69E1B81511E00FE9283 /* Sources */,
				5B94A69F1B81511E00FE9283 /* Frameworks */,
				5B94A6A01B81511E00FE9283 /* Resources */,
			);
			buildRules = (
			);
			dependencies = (
				5B94A6A41B81511E00FE9283 /* PBXTargetDependency */,
			);
			name = BugMonitorTests;
			productName = BugMonitorTests;
			productReference = 5B94A6A21B81511E00FE9283 /* BugMonitorTests.xctest */;
			productType = "com.apple.product-type.bundle.unit-test";
		};
/* End PBXNativeTarget section */

/* Begin PBXProject section */
		5B94A67F1B8150C800FE9283 /* Project object */ = {
			isa = PBXProject;
			attributes = {
				LastUpgradeCheck = 0720;
				TargetAttributes = {
					5B94A6881B81511E00FE9283 = {
						CreatedOnToolsVersion = 6.3.2;
						DevelopmentTeam = 5HJEBM86Z6;
					};
					5B94A6A11B81511E00FE9283 = {
						CreatedOnToolsVersion = 6.3.2;
						TestTargetID = 5B94A6881B81511E00FE9283;
					};
				};
			};
			buildConfigurationList = 5B94A6821B8150C800FE9283 /* Build configuration list for PBXProject "BugMonitor" */;
			compatibilityVersion = "Xcode 3.2";
			developmentRegion = English;
			hasScannedForEncodings = 0;
			knownRegions = (
				en,
				Base,
			);
			mainGroup = 5B94A67E1B8150C800FE9283;
			productRefGroup = 5B94A68A1B81511E00FE9283 /* Products */;
			projectDirPath = "";
			projectRoot = "";
			targets = (
				5B94A6881B81511E00FE9283 /* BugMonitor */,
				5B94A6A11B81511E00FE9283 /* BugMonitorTests */,
			);
		};
/* End PBXProject section */

/* Begin PBXResourcesBuildPhase section */
		5B94A6871B81511E00FE9283 /* Resources */ = {
			isa = PBXResourcesBuildPhase;
			buildActionMask = 2147483647;
			files = (
				5B6E405B1B829F0A00EE3FDC /* Main_iPad.storyboard in Resources */,
				5B6E405C1B829F0A00EE3FDC /* Main_iPhone.storyboard in Resources */,
				5B94A72E1B8151B300FE9283 /* log.png in Resources */,
				5B94A7531B8151B300FE9283 /* street_view.png in Resources */,
				5B94A7371B8151B300FE9283 /* NewMap.png in Resources */,
				5B94A73B1B8151B300FE9283 /* happy.png in Resources */,
				5B94A7291B8151B300FE9283 /* medium_battery.png in Resources */,
				5B94A72B1B8151B300FE9283 /* info.png in Resources */,
				5B94A7321B8151B300FE9283 /* rc.png in Resources */,
				5B94A74C1B8151B300FE9283 /* define_location.png in Resources */,
				5B94A73E1B8151B300FE9283 /* sleeping.png in Resources */,
				5B94A7401B8151B300FE9283 /* down-128.png in Resources */,
				5B94A73D1B8151B300FE9283 /* sad.png in Resources */,
				5B94A7381B8151B300FE9283 /* option.png in Resources */,
				5B94A74F1B8151B300FE9283 /* flag_green.png in Resources */,
				5BE5408A1B82AF470005DF92 /* Media.xcassets in Resources */,
				5B94A73F1B8151B300FE9283 /* surprised.png in Resources */,
				5B94A7611B8151B300FE9283 /* SettingsDetail-iPhone.xib in Resources */,
				5B94A73A1B8151B300FE9283 /* cry.png in Resources */,
				5B94A74B1B8151B300FE9283 /* warning.png in Resources */,
				5B94A7351B8151B300FE9283 /* statistics.png in Resources */,
				5B83C64C1CA90963009E7829 /* bug-32.png in Resources */,
				5B94A74A1B8151B300FE9283 /* online.png in Resources */,
				5B8BAE781C96407B0062CD2D /* Default-568h@2x.png in Resources */,
				5B83C64A1CA90878009E7829 /* Icon-Small.png in Resources */,
				5B94A72C1B8151B300FE9283 /* control.png in Resources */,
				5B94A7341B8151B300FE9283 /* settings.png in Resources */,
				5B94A7361B8151B300FE9283 /* status.png in Resources */,
				5B94A74D1B8151B300FE9283 /* dog.png in Resources */,
				5B2D14741C9623A3001B5291 /* conditions.png in Resources */,
				5B94A7491B8151B300FE9283 /* offline.png in Resources */,
				5B94A72D1B8151B300FE9283 /* house.png in Resources */,
				5B94A7411B8151B300FE9283 /* left-128.png in Resources */,
				5B94A7461B8151B300FE9283 /* error.png in Resources */,
				5B94A72F1B8151B300FE9283 /* map-marker.png in Resources */,
				5B94A72A1B8151B300FE9283 /* fido.png in Resources */,
				5B94A7271B8151B300FE9283 /* high_battery.png in Resources */,
				5B94A7431B8151B300FE9283 /* right-128.png in Resources */,
				5B94A7301B8151B300FE9283 /* map.png in Resources */,
				5B94A7601B8151B300FE9283 /* SettingsDetail-iPad.xib in Resources */,
				5B94A7331B8151B300FE9283 /* sensor.png in Resources */,
				5B94A7421B8151B300FE9283 /* one_finger-128.png in Resources */,
				5B94A74E1B8151B300FE9283 /* flag_blue.png in Resources */,
				5B94A73C1B8151B300FE9283 /* question.png in Resources */,
				5B94A7441B8151B300FE9283 /* up-128.png in Resources */,
				5B94A7251B8151B300FE9283 /* charge_battery.png in Resources */,
				5B94A7281B8151B300FE9283 /* low_battery.png in Resources */,
				5B94A7511B8151B300FE9283 /* flag_yellow.png in Resources */,
				5B94A7471B8151B300FE9283 /* fail.png in Resources */,
				5B94A7241B8151B300FE9283 /* InfoPlist.strings in Resources */,
				5B94A7311B8151B300FE9283 /* navdata.png in Resources */,
				5B94A7451B8151B300FE9283 /* setting.png in Resources */,
				5B94A7501B8151B300FE9283 /* flag_red.png in Resources */,
				5B94A7261B8151B300FE9283 /* fully_charged_battery.png in Resources */,
				5B94A7521B8151B300FE9283 /* location.png in Resources */,
				5B94A7391B8151B300FE9283 /* confused.png in Resources */,
			);
			runOnlyForDeploymentPostprocessing = 0;
		};
		5B94A6A01B81511E00FE9283 /* Resources */ = {
			isa = PBXResourcesBuildPhase;
			buildActionMask = 2147483647;
			files = (
			);
			runOnlyForDeploymentPostprocessing = 0;
		};
/* End PBXResourcesBuildPhase section */

/* Begin PBXSourcesBuildPhase section */
		5B94A6851B81511E00FE9283 /* Sources */ = {
			isa = PBXSourcesBuildPhase;
			buildActionMask = 2147483647;
			files = (
				5B94A7621B8151B300FE9283 /* SettingsDetailViewController.m in Sources */,
				5B2D14221C961A18001B5291 /* pubsubparser.c in Sources */,
				5B2D14211C961A18001B5291 /* MessageLengths.c in Sources */,
				5B2D145B1C961A18001B5291 /* mxml-search.c in Sources */,
				5B94A7231B8151B300FE9283 /* DataViewController.m in Sources */,
				5B2D14541C961A18001B5291 /* mxml-attr.c in Sources */,
				5B2D13B41C9619F2001B5291 /* BehaviorViewController.m in Sources */,
				5B2D14551C961A18001B5291 /* mxml-entity.c in Sources */,
				5B2D145A1C961A18001B5291 /* mxml-private.c in Sources */,
				5B94A7551B8151B300FE9283 /* LogViewController.m in Sources */,
				5B2D14561C961A18001B5291 /* mxml-file.c in Sources */,
				5B2D14581C961A18001B5291 /* mxml-index.c in Sources */,
				5B2D13B51C9619F2001B5291 /* ConditionsViewController.m in Sources */,
				5B94A7631B8151B300FE9283 /* SettingsViewController.m in Sources */,
				5B94A71E1B8151B300FE9283 /* AppDelegate.m in Sources */,
				5B94A75D1B8151B300FE9283 /* RCViewController.m in Sources */,
				5B2D14231C961A18001B5291 /* Waypoints.c in Sources */,
				5B94A7651B8151B300FE9283 /* SubsystemViewController.m in Sources */,
				5B94A7581B8151B300FE9283 /* MasterViewController.m in Sources */,
				5B94A7561B8151B300FE9283 /* main.m in Sources */,
				5B94A7221B8151B300FE9283 /* CollectionViewController.m in Sources */,
				5B2D14591C961A18001B5291 /* mxml-node.c in Sources */,
				5B94A75A1B8151B300FE9283 /* OptionsViewController.m in Sources */,
				5B2D145C1C961A18001B5291 /* mxml-set.c in Sources */,
				5B94A7661B8151B300FE9283 /* SystemViewController.m in Sources */,
				5B94A75C1B8151B300FE9283 /* PubSubMsg.m in Sources */,
				5B2D14571C961A18001B5291 /* mxml-get.c in Sources */,
				5B2D145D1C961A18001B5291 /* mxml-string.c in Sources */,
			);
			runOnlyForDeploymentPostprocessing = 0;
		};
		5B94A69E1B81511E00FE9283 /* Sources */ = {
			isa = PBXSourcesBuildPhase;
			buildActionMask = 2147483647;
			files = (
			);
			runOnlyForDeploymentPostprocessing = 0;
		};
/* End PBXSourcesBuildPhase section */

/* Begin PBXTargetDependency section */
		5B94A6A41B81511E00FE9283 /* PBXTargetDependency */ = {
			isa = PBXTargetDependency;
			target = 5B94A6881B81511E00FE9283 /* BugMonitor */;
			targetProxy = 5B94A6A31B81511E00FE9283 /* PBXContainerItemProxy */;
		};
/* End PBXTargetDependency section */

/* Begin PBXVariantGroup section */
		5B94A6B31B8151B300FE9283 /* Main_iPad.storyboard */ = {
			isa = PBXVariantGroup;
			children = (
				5B94A6B41B8151B300FE9283 /* Base */,
			);
			name = Main_iPad.storyboard;
			sourceTree = "<group>";
		};
		5B94A6B51B8151B300FE9283 /* Main_iPhone.storyboard */ = {
			isa = PBXVariantGroup;
			children = (
				5B94A6B61B8151B300FE9283 /* Base */,
			);
			name = Main_iPhone.storyboard;
			sourceTree = "<group>";
		};
		5B94A6BF1B8151B300FE9283 /* InfoPlist.strings */ = {
			isa = PBXVariantGroup;
			children = (
				5B94A6C01B8151B300FE9283 /* en */,
			);
			name = InfoPlist.strings;
			sourceTree = "<group>";
		};
/* End PBXVariantGroup section */

/* Begin XCBuildConfiguration section */
		5B94A6831B8150C800FE9283 /* Debug */ = {
			isa = XCBuildConfiguration;
			buildSettings = {
				ENABLE_TESTABILITY = YES;
				ONLY_ACTIVE_ARCH = YES;
			};
			name = Debug;
		};
		5B94A6841B8150C800FE9283 /* Release */ = {
			isa = XCBuildConfiguration;
			buildSettings = {
			};
			name = Release;
		};
		5B94A6AB1B81511F00FE9283 /* Debug */ = {
			isa = XCBuildConfiguration;
			buildSettings = {
				ALWAYS_SEARCH_USER_PATHS = NO;
				ASSETCATALOG_COMPILER_APPICON_NAME = AppIcon;
				ASSETCATALOG_COMPILER_LAUNCHIMAGE_NAME = LaunchImage;
				CLANG_CXX_LANGUAGE_STANDARD = "gnu++0x";
				CLANG_CXX_LIBRARY = "libc++";
				CLANG_ENABLE_MODULES = YES;
				CLANG_ENABLE_OBJC_ARC = YES;
				CLANG_WARN_BOOL_CONVERSION = YES;
				CLANG_WARN_CONSTANT_CONVERSION = YES;
				CLANG_WARN_DIRECT_OBJC_ISA_USAGE = YES_ERROR;
				CLANG_WARN_EMPTY_BODY = YES;
				CLANG_WARN_ENUM_CONVERSION = YES;
				CLANG_WARN_INT_CONVERSION = YES;
				CLANG_WARN_OBJC_ROOT_CLASS = YES_ERROR;
				CLANG_WARN_UNREACHABLE_CODE = YES;
				CLANG_WARN__DUPLICATE_METHOD_MATCH = YES;
				CODE_SIGN_IDENTITY = "iPhone Developer";
				"CODE_SIGN_IDENTITY[sdk=iphoneos*]" = "iPhone Developer";
				COPY_PHASE_STRIP = NO;
				DEBUG_INFORMATION_FORMAT = "dwarf-with-dsym";
				ENABLE_STRICT_OBJC_MSGSEND = YES;
				GCC_C_LANGUAGE_STANDARD = gnu99;
				GCC_DYNAMIC_NO_PIC = NO;
				GCC_NO_COMMON_BLOCKS = YES;
				GCC_OPTIMIZATION_LEVEL = 0;
				GCC_PREPROCESSOR_DEFINITIONS = (
					"DEBUG=1",
					"$(inherited)",
				);
				GCC_SYMBOLS_PRIVATE_EXTERN = NO;
				GCC_WARN_64_TO_32_BIT_CONVERSION = YES;
				GCC_WARN_ABOUT_RETURN_TYPE = YES_ERROR;
				GCC_WARN_UNDECLARED_SELECTOR = YES;
				GCC_WARN_UNINITIALIZED_AUTOS = YES_AGGRESSIVE;
				GCC_WARN_UNUSED_FUNCTION = YES;
				GCC_WARN_UNUSED_VARIABLE = YES;
				HEADER_SEARCH_PATHS = /Users/martin/Dropbox/RoboticsCodebase/Bug/Shared;
				INFOPLIST_FILE = BugMonitor/Info.plist;
				IPHONEOS_DEPLOYMENT_TARGET = 8.3;
				LD_RUNPATH_SEARCH_PATHS = "$(inherited) @executable_path/Frameworks";
				MTL_ENABLE_DEBUG_INFO = YES;
				ONLY_ACTIVE_ARCH = YES;
				PRODUCT_BUNDLE_IDENTIFIER = "$(PRODUCT_BUNDLE_IDENTIFIER)BugMonitor";
				PRODUCT_NAME = "$(TARGET_NAME)";
				SDKROOT = iphoneos;
				TARGETED_DEVICE_FAMILY = "1,2";
			};
			name = Debug;
		};
		5B94A6AC1B81511F00FE9283 /* Release */ = {
			isa = XCBuildConfiguration;
			buildSettings = {
				ALWAYS_SEARCH_USER_PATHS = NO;
				ASSETCATALOG_COMPILER_APPICON_NAME = AppIcon;
				ASSETCATALOG_COMPILER_LAUNCHIMAGE_NAME = LaunchImage;
				CLANG_CXX_LANGUAGE_STANDARD = "gnu++0x";
				CLANG_CXX_LIBRARY = "libc++";
				CLANG_ENABLE_MODULES = YES;
				CLANG_ENABLE_OBJC_ARC = YES;
				CLANG_WARN_BOOL_CONVERSION = YES;
				CLANG_WARN_CONSTANT_CONVERSION = YES;
				CLANG_WARN_DIRECT_OBJC_ISA_USAGE = YES_ERROR;
				CLANG_WARN_EMPTY_BODY = YES;
				CLANG_WARN_ENUM_CONVERSION = YES;
				CLANG_WARN_INT_CONVERSION = YES;
				CLANG_WARN_OBJC_ROOT_CLASS = YES_ERROR;
				CLANG_WARN_UNREACHABLE_CODE = YES;
				CLANG_WARN__DUPLICATE_METHOD_MATCH = YES;
				CODE_SIGN_IDENTITY = "iPhone Developer";
				"CODE_SIGN_IDENTITY[sdk=iphoneos*]" = "iPhone Developer";
				COPY_PHASE_STRIP = NO;
				DEBUG_INFORMATION_FORMAT = "dwarf-with-dsym";
				ENABLE_NS_ASSERTIONS = NO;
				ENABLE_STRICT_OBJC_MSGSEND = YES;
				GCC_C_LANGUAGE_STANDARD = gnu99;
				GCC_NO_COMMON_BLOCKS = YES;
				GCC_WARN_64_TO_32_BIT_CONVERSION = YES;
				GCC_WARN_ABOUT_RETURN_TYPE = YES_ERROR;
				GCC_WARN_UNDECLARED_SELECTOR = YES;
				GCC_WARN_UNINITIALIZED_AUTOS = YES_AGGRESSIVE;
				GCC_WARN_UNUSED_FUNCTION = YES;
				GCC_WARN_UNUSED_VARIABLE = YES;
				HEADER_SEARCH_PATHS = /Users/martin/Dropbox/RoboticsCodebase/Bug/Shared;
				INFOPLIST_FILE = BugMonitor/Info.plist;
				IPHONEOS_DEPLOYMENT_TARGET = 8.3;
				LD_RUNPATH_SEARCH_PATHS = "$(inherited) @executable_path/Frameworks";
				MTL_ENABLE_DEBUG_INFO = NO;
				PRODUCT_BUNDLE_IDENTIFIER = "$(PRODUCT_BUNDLE_IDENTIFIER)BugMonitor";
				PRODUCT_NAME = "$(TARGET_NAME)";
				SDKROOT = iphoneos;
				TARGETED_DEVICE_FAMILY = "1,2";
				VALIDATE_PRODUCT = YES;
			};
			name = Release;
		};
		5B94A6AE1B81511F00FE9283 /* Debug */ = {
			isa = XCBuildConfiguration;
			buildSettings = {
				ALWAYS_SEARCH_USER_PATHS = NO;
				BUNDLE_LOADER = "$(TEST_HOST)";
				CLANG_CXX_LANGUAGE_STANDARD = "gnu++0x";
				CLANG_CXX_LIBRARY = "libc++";
				CLANG_ENABLE_MODULES = YES;
				CLANG_ENABLE_OBJC_ARC = YES;
				CLANG_WARN_BOOL_CONVERSION = YES;
				CLANG_WARN_CONSTANT_CONVERSION = YES;
				CLANG_WARN_DIRECT_OBJC_ISA_USAGE = YES_ERROR;
				CLANG_WARN_EMPTY_BODY = YES;
				CLANG_WARN_ENUM_CONVERSION = YES;
				CLANG_WARN_INT_CONVERSION = YES;
				CLANG_WARN_OBJC_ROOT_CLASS = YES_ERROR;
				CLANG_WARN_UNREACHABLE_CODE = YES;
				CLANG_WARN__DUPLICATE_METHOD_MATCH = YES;
				COPY_PHASE_STRIP = NO;
				DEBUG_INFORMATION_FORMAT = "dwarf-with-dsym";
				ENABLE_STRICT_OBJC_MSGSEND = YES;
				FRAMEWORK_SEARCH_PATHS = (
					"$(SDKROOT)/Developer/Library/Frameworks",
					"$(inherited)",
				);
				GCC_C_LANGUAGE_STANDARD = gnu99;
				GCC_DYNAMIC_NO_PIC = NO;
				GCC_NO_COMMON_BLOCKS = YES;
				GCC_OPTIMIZATION_LEVEL = 0;
				GCC_PREPROCESSOR_DEFINITIONS = (
					"DEBUG=1",
					"$(inherited)",
				);
				GCC_SYMBOLS_PRIVATE_EXTERN = NO;
				GCC_WARN_64_TO_32_BIT_CONVERSION = YES;
				GCC_WARN_ABOUT_RETURN_TYPE = YES_ERROR;
				GCC_WARN_UNDECLARED_SELECTOR = YES;
				GCC_WARN_UNINITIALIZED_AUTOS = YES_AGGRESSIVE;
				GCC_WARN_UNUSED_FUNCTION = YES;
				GCC_WARN_UNUSED_VARIABLE = YES;
				HEADER_SEARCH_PATHS = (
					"$(inherited)",
					/Applications/Xcode.app/Contents/Developer/Toolchains/XcodeDefault.xctoolchain/usr/include,
				);
				INFOPLIST_FILE = BugMonitorTests/Info.plist;
				IPHONEOS_DEPLOYMENT_TARGET = 8.3;
				LD_RUNPATH_SEARCH_PATHS = "$(inherited) @executable_path/Frameworks @loader_path/Frameworks";
				MTL_ENABLE_DEBUG_INFO = YES;
				ONLY_ACTIVE_ARCH = YES;
				PRODUCT_BUNDLE_IDENTIFIER = "com.mgls.$(PRODUCT_NAME:rfc1034identifier)";
				PRODUCT_NAME = "$(TARGET_NAME)";
				SDKROOT = iphoneos;
				TEST_HOST = "$(BUILT_PRODUCTS_DIR)/BugMonitor.app/BugMonitor";
				USER_HEADER_SEARCH_PATHS = /Users/martin/RoboticsCodebase/BUG/Bug_Edison/Modules;
			};
			name = Debug;
		};
		5B94A6AF1B81511F00FE9283 /* Release */ = {
			isa = XCBuildConfiguration;
			buildSettings = {
				ALWAYS_SEARCH_USER_PATHS = NO;
				BUNDLE_LOADER = "$(TEST_HOST)";
				CLANG_CXX_LANGUAGE_STANDARD = "gnu++0x";
				CLANG_CXX_LIBRARY = "libc++";
				CLANG_ENABLE_MODULES = YES;
				CLANG_ENABLE_OBJC_ARC = YES;
				CLANG_WARN_BOOL_CONVERSION = YES;
				CLANG_WARN_CONSTANT_CONVERSION = YES;
				CLANG_WARN_DIRECT_OBJC_ISA_USAGE = YES_ERROR;
				CLANG_WARN_EMPTY_BODY = YES;
				CLANG_WARN_ENUM_CONVERSION = YES;
				CLANG_WARN_INT_CONVERSION = YES;
				CLANG_WARN_OBJC_ROOT_CLASS = YES_ERROR;
				CLANG_WARN_UNREACHABLE_CODE = YES;
				CLANG_WARN__DUPLICATE_METHOD_MATCH = YES;
				COPY_PHASE_STRIP = NO;
				DEBUG_INFORMATION_FORMAT = "dwarf-with-dsym";
				ENABLE_NS_ASSERTIONS = NO;
				ENABLE_STRICT_OBJC_MSGSEND = YES;
				FRAMEWORK_SEARCH_PATHS = (
					"$(SDKROOT)/Developer/Library/Frameworks",
					"$(inherited)",
				);
				GCC_C_LANGUAGE_STANDARD = gnu99;
				GCC_NO_COMMON_BLOCKS = YES;
				GCC_WARN_64_TO_32_BIT_CONVERSION = YES;
				GCC_WARN_ABOUT_RETURN_TYPE = YES_ERROR;
				GCC_WARN_UNDECLARED_SELECTOR = YES;
				GCC_WARN_UNINITIALIZED_AUTOS = YES_AGGRESSIVE;
				GCC_WARN_UNUSED_FUNCTION = YES;
				GCC_WARN_UNUSED_VARIABLE = YES;
				HEADER_SEARCH_PATHS = (
					"$(inherited)",
					/Applications/Xcode.app/Contents/Developer/Toolchains/XcodeDefault.xctoolchain/usr/include,
				);
				INFOPLIST_FILE = BugMonitorTests/Info.plist;
				IPHONEOS_DEPLOYMENT_TARGET = 8.3;
				LD_RUNPATH_SEARCH_PATHS = "$(inherited) @executable_path/Frameworks @loader_path/Frameworks";
				MTL_ENABLE_DEBUG_INFO = NO;
				PRODUCT_BUNDLE_IDENTIFIER = "com.mgls.$(PRODUCT_NAME:rfc1034identifier)";
				PRODUCT_NAME = "$(TARGET_NAME)";
				SDKROOT = iphoneos;
				TEST_HOST = "$(BUILT_PRODUCTS_DIR)/BugMonitor.app/BugMonitor";
				USER_HEADER_SEARCH_PATHS = /Users/martin/RoboticsCodebase/BUG/Bug_Edison/Modules;
				VALIDATE_PRODUCT = YES;
			};
			name = Release;
		};
/* End XCBuildConfiguration section */

/* Begin XCConfigurationList section */
		5B94A6821B8150C800FE9283 /* Build configuration list for PBXProject "BugMonitor" */ = {
			isa = XCConfigurationList;
			buildConfigurations = (
				5B94A6831B8150C800FE9283 /* Debug */,
				5B94A6841B8150C800FE9283 /* Release */,
			);
			defaultConfigurationIsVisible = 0;
			defaultConfigurationName = Release;
		};
		5B94A6AA1B81511F00FE9283 /* Build configuration list for PBXNativeTarget "BugMonitor" */ = {
			isa = XCConfigurationList;
			buildConfigurations = (
				5B94A6AB1B81511F00FE9283 /* Debug */,
				5B94A6AC1B81511F00FE9283 /* Release */,
			);
			defaultConfigurationIsVisible = 0;
			defaultConfigurationName = Release;
		};
		5B94A6AD1B81511F00FE9283 /* Build configuration list for PBXNativeTarget "BugMonitorTests" */ = {
			isa = XCConfigurationList;
			buildConfigurations = (
				5B94A6AE1B81511F00FE9283 /* Debug */,
				5B94A6AF1B81511F00FE9283 /* Release */,
			);
			defaultConfigurationIsVisible = 0;
			defaultConfigurationName = Release;
		};
/* End XCConfigurationList section */
	};
	rootObject = 5B94A67F1B8150C800FE9283 /* Project object */;
}
